{
  "name": "emotion-jar",
  "lockfileVersion": 2,
  "requires": true,
  "packages": {
    "": {
      "dependencies": {
        "@huggingface/inference": "^4.1.0",
        "cross-fetch": "^4.1.0"
      }
    },
    "node_modules/@huggingface/inference": {
      "version": "4.1.0",
      "resolved": "https://registry.npmjs.org/@huggingface/inference/-/inference-4.1.0.tgz",
      "integrity": "sha512-x99k/Dl+9qNdHwTckmluvIq2o774xPkgRFk9pczi3/tNEqtt6hfp96iM1LAOYsP9kwnH9J3DSPCfTGiC/iqvKQ==",
      "dependencies": {
        "@huggingface/jinja": "^0.5.0",
        "@huggingface/tasks": "^0.19.19"
      },
      "engines": {
        "node": ">=18"
      }
    },
    "node_modules/@huggingface/jinja": {
      "version": "0.5.0",
      "resolved": "https://registry.npmjs.org/@huggingface/jinja/-/jinja-0.5.0.tgz",
      "integrity": "sha512-Ptc03/jGRiYRoi0bUYKZ14MkDslsBRT24oxmsvUlfYrvQMldrxCevhPnT+hfX8awKTT8/f/0ZBBWldoeAcMHdQ==",
      "engines": {
        "node": ">=18"
      }
    },
    "node_modules/@huggingface/tasks": {
      "version": "0.19.19",
      "resolved": "https://registry.npmjs.org/@huggingface/tasks/-/tasks-0.19.19.tgz",
      "integrity": "sha512-+hXA5pk8gnaWc0BK/s5e68rwsucjPJjdoSBx9MCkRwVgVS0JwXCF5EbaSBSDt4CUDsq1uj33RbdQt/K9l2mJLg=="
    },
    "node_modules/cross-fetch": {
      "version": "4.1.0",
      "resolved": "https://registry.npmjs.org/cross-fetch/-/cross-fetch-4.1.0.tgz",
      "integrity": "sha512-uKm5PU+MHTootlWEY+mZ4vvXoCn4fLQxT9dSc1sXVMSFkINTJVN8cAQROpwcKm8bJ/c7rgZVIBWzH5T78sNZZw==",
      "dependencies": {
        "node-fetch": "^2.7.0"
      }
    },
    "node_modules/node-fetch": {
      "version": "2.7.0",
      "resolved": "https://registry.npmjs.org/node-fetch/-/node-fetch-2.7.0.tgz",
      "integrity": "sha512-c4FRfUm/dbcWZ7U+1Wq0AwCyFL+3nt2bEw05wfxSz+DWpWsitgmSgYmy2dQdWyKC1694ELPqMs/YzUSNozLt8A==",
      "dependencies": {
        "whatwg-url": "^5.0.0"
      },
      "engines": {
        "node": "4.x || >=6.0.0"
      },
      "peerDependencies": {
        "encoding": "^0.1.0"
      },
      "peerDependenciesMeta": {
        "encoding": {
          "optional": true
        }
      }
    },
    "node_modules/tr46": {
      "version": "0.0.3",
      "resolved": "https://registry.npmjs.org/tr46/-/tr46-0.0.3.tgz",
      "integrity": "sha512-N3WMsuqV66lT30CrXNbEjx4GEwlow3v6rr4mCcv6prnfwhS01rkgyFdjPNBYd9br7LpXV1+Emh01fHnq2Gdgrw=="
    },
    "node_modules/webidl-conversions": {
      "version": "3.0.1",
      "resolved": "https://registry.npmjs.org/webidl-conversions/-/webidl-conversions-3.0.1.tgz",
      "integrity": "sha512-2JAn3z8AR6rjK8Sm8orRC0h/bcl/DqL7tRPdGZ4I1CjdF+EaMLmYxBHyXuKL849eucPFhvBoxMsflfOb8kxaeQ=="
    },
    "node_modules/whatwg-url": {
      "version": "5.0.0",
      "resolved": "https://registry.npmjs.org/whatwg-url/-/whatwg-url-5.0.0.tgz",
      "integrity": "sha512-saE57nupxk6v3HY35+jzBwYa0rKSy0XR8JSxZPwgLr7ys0IBzhGviA1/TUGJLmSVqs8pb9AnvICXEuOHLprYTw==",
      "dependencies": {
        "tr46": "~0.0.3",
        "webidl-conversions": "^3.0.0"
      }
    }
  },
  "dependencies": {
    "@huggingface/inference": {
      "version": "4.1.0",
      "resolved": "https://registry.npmjs.org/@huggingface/inference/-/inference-4.1.0.tgz",
      "integrity": "sha512-x99k/Dl+9qNdHwTckmluvIq2o774xPkgRFk9pczi3/tNEqtt6hfp96iM1LAOYsP9kwnH9J3DSPCfTGiC/iqvKQ==",
      "requires": {
        "@huggingface/jinja": "^0.5.0",
        "@huggingface/tasks": "^0.19.19"
      }
    },
    "@huggingface/jinja": {
      "version": "0.5.0",
      "resolved": "https://registry.npmjs.org/@huggingface/jinja/-/jinja-0.5.0.tgz",
      "integrity": "sha512-Ptc03/jGRiYRoi0bUYKZ14MkDslsBRT24oxmsvUlfYrvQMldrxCevhPnT+hfX8awKTT8/f/0ZBBWldoeAcMHdQ=="
    },
    "@huggingface/tasks": {
      "version": "0.19.19",
      "resolved": "https://registry.npmjs.org/@huggingface/tasks/-/tasks-0.19.19.tgz",
      "integrity": "sha512-+hXA5pk8gnaWc0BK/s5e68rwsucjPJjdoSBx9MCkRwVgVS0JwXCF5EbaSBSDt4CUDsq1uj33RbdQt/K9l2mJLg=="
    },
    "cross-fetch": {
      "version": "4.1.0",
      "resolved": "https://registry.npmjs.org/cross-fetch/-/cross-fetch-4.1.0.tgz",
      "integrity": "sha512-uKm5PU+MHTootlWEY+mZ4vvXoCn4fLQxT9dSc1sXVMSFkINTJVN8cAQROpwcKm8bJ/c7rgZVIBWzH5T78sNZZw==",
      "requires": {
        "node-fetch": "^2.7.0"
      }
    },
    "node-fetch": {
      "version": "2.7.0",
      "resolved": "https://registry.npmjs.org/node-fetch/-/node-fetch-2.7.0.tgz",
      "integrity": "sha512-c4FRfUm/dbcWZ7U+1Wq0AwCyFL+3nt2bEw05wfxSz+DWpWsitgmSgYmy2dQdWyKC1694ELPqMs/YzUSNozLt8A==",
      "requires": {
        "whatwg-url": "^5.0.0"
      }
    },
    "tr46": {
      "version": "0.0.3",
      "resolved": "https://registry.npmjs.org/tr46/-/tr46-0.0.3.tgz",
      "integrity": "sha512-N3WMsuqV66lT30CrXNbEjx4GEwlow3v6rr4mCcv6prnfwhS01rkgyFdjPNBYd9br7LpXV1+Emh01fHnq2Gdgrw=="
    },
    "webidl-conversions": {
      "version": "3.0.1",
      "resolved": "https://registry.npmjs.org/webidl-conversions/-/webidl-conversions-3.0.1.tgz",
      "integrity": "sha512-2JAn3z8AR6rjK8Sm8orRC0h/bcl/DqL7tRPdGZ4I1CjdF+EaMLmYxBHyXuKL849eucPFhvBoxMsflfOb8kxaeQ=="
    },
    "whatwg-url": {
      "version": "5.0.0",
      "resolved": "https://registry.npmjs.org/whatwg-url/-/whatwg-url-5.0.0.tgz",
      "integrity": "sha512-saE57nupxk6v3HY35+jzBwYa0rKSy0XR8JSxZPwgLr7ys0IBzhGviA1/TUGJLmSVqs8pb9AnvICXEuOHLprYTw==",
      "requires": {
        "tr46": "~0.0.3",
        "webidl-conversions": "^3.0.0"
      }
    }
  }
}
